// !$*UTF8*$!
{
	archiveVersion = 1;
	classes = {
	};
	objectVersion = 50;
	objects = {

/* Begin PBXBuildFile section */
		B50C711126A21B5D00E71F48 /* User.swift in Sources */ = {isa = PBXBuildFile; fileRef = B50C711026A21B5D00E71F48 /* User.swift */; };
		B511120E26A332DB002577CD /* AboutMeViewController.swift in Sources */ = {isa = PBXBuildFile; fileRef = B511120D26A332DB002577CD /* AboutMeViewController.swift */; };
		B546AA04269DA10700494821 /* AppDelegate.swift in Sources */ = {isa = PBXBuildFile; fileRef = B546AA03269DA10700494821 /* AppDelegate.swift */; };
		B546AA06269DA10700494821 /* SceneDelegate.swift in Sources */ = {isa = PBXBuildFile; fileRef = B546AA05269DA10700494821 /* SceneDelegate.swift */; };
		B546AA0B269DA10700494821 /* Main.storyboard in Resources */ = {isa = PBXBuildFile; fileRef = B546AA09269DA10700494821 /* Main.storyboard */; };
		B546AA0D269DA10800494821 /* Assets.xcassets in Resources */ = {isa = PBXBuildFile; fileRef = B546AA0C269DA10800494821 /* Assets.xcassets */; };
		B546AA10269DA10800494821 /* LaunchScreen.storyboard in Resources */ = {isa = PBXBuildFile; fileRef = B546AA0E269DA10800494821 /* LaunchScreen.storyboard */; };
		B546AA1B269DA1B700494821 /* LoginViewController.swift in Sources */ = {isa = PBXBuildFile; fileRef = B546AA1A269DA1B700494821 /* LoginViewController.swift */; };
		B546AA20269DCE5A00494821 /* WelcomeViewController.swift in Sources */ = {isa = PBXBuildFile; fileRef = B546AA1F269DCE5A00494821 /* WelcomeViewController.swift */; };
		B54DEB2426A324B2009F7909 /* BioViewController.swift in Sources */ = {isa = PBXBuildFile; fileRef = B54DEB2326A324B2009F7909 /* BioViewController.swift */; };
/* End PBXBuildFile section */

/* Begin PBXFileReference section */
		B50C711026A21B5D00E71F48 /* User.swift */ = {isa = PBXFileReference; lastKnownFileType = sourcecode.swift; path = User.swift; sourceTree = "<group>"; };
		B511120D26A332DB002577CD /* AboutMeViewController.swift */ = {isa = PBXFileReference; lastKnownFileType = sourcecode.swift; path = AboutMeViewController.swift; sourceTree = "<group>"; };
		B546AA00269DA10700494821 /* HomeWorkProject_2.4.app */ = {isa = PBXFileReference; explicitFileType = wrapper.application; includeInIndex = 0; path = HomeWorkProject_2.4.app; sourceTree = BUILT_PRODUCTS_DIR; };
		B546AA03269DA10700494821 /* AppDelegate.swift */ = {isa = PBXFileReference; lastKnownFileType = sourcecode.swift; path = AppDelegate.swift; sourceTree = "<group>"; };
		B546AA05269DA10700494821 /* SceneDelegate.swift */ = {isa = PBXFileReference; lastKnownFileType = sourcecode.swift; path = SceneDelegate.swift; sourceTree = "<group>"; };
		B546AA0A269DA10700494821 /* Base */ = {isa = PBXFileReference; lastKnownFileType = file.storyboard; name = Base; path = Base.lproj/Main.storyboard; sourceTree = "<group>"; };
		B546AA0C269DA10800494821 /* Assets.xcassets */ = {isa = PBXFileReference; lastKnownFileType = folder.assetcatalog; name = Assets.xcassets; path = /Users/maksim/Documents/HomeWorkProjects/HomeWorkProject_2.4/HomeWorkProject_2.4/Resourses/Assets.xcassets; sourceTree = "<absolute>"; };
		B546AA0F269DA10800494821 /* Base */ = {isa = PBXFileReference; lastKnownFileType = file.storyboard; name = Base; path = Base.lproj/LaunchScreen.storyboard; sourceTree = "<group>"; };
		B546AA11269DA10800494821 /* Info.plist */ = {isa = PBXFileReference; lastKnownFileType = text.plist.xml; path = Info.plist; sourceTree = "<group>"; };
		B546AA1A269DA1B700494821 /* LoginViewController.swift */ = {isa = PBXFileReference; lastKnownFileType = sourcecode.swift; path = LoginViewController.swift; sourceTree = "<group>"; };
		B546AA1F269DCE5A00494821 /* WelcomeViewController.swift */ = {isa = PBXFileReference; lastKnownFileType = sourcecode.swift; path = WelcomeViewController.swift; sourceTree = "<group>"; };
		B54DEB2326A324B2009F7909 /* BioViewController.swift */ = {isa = PBXFileReference; lastKnownFileType = sourcecode.swift; path = BioViewController.swift; sourceTree = "<group>"; };
/* End PBXFileReference section */

/* Begin PBXFrameworksBuildPhase section */
		B546A9FD269DA10700494821 /* Frameworks */ = {
			isa = PBXFrameworksBuildPhase;
			buildActionMask = 2147483647;
			files = (
			);
			runOnlyForDeploymentPostprocessing = 0;
		};
/* End PBXFrameworksBuildPhase section */

/* Begin PBXGroup section */
		B50C711326A221C400E71F48 /* View Controllers */ = {
			isa = PBXGroup;
			children = (
				B546AA1A269DA1B700494821 /* LoginViewController.swift */,
				B546AA1F269DCE5A00494821 /* WelcomeViewController.swift */,
				B54DEB2326A324B2009F7909 /* BioViewController.swift */,
				B511120D26A332DB002577CD /* AboutMeViewController.swift */,
			);
			path = "View Controllers";
			sourceTree = "<group>";
		};
		B50C711426A221E600E71F48 /* Storyboards */ = {
			isa = PBXGroup;
			children = (
				B546AA09269DA10700494821 /* Main.storyboard */,
				B546AA0E269DA10800494821 /* LaunchScreen.storyboard */,
			);
			path = Storyboards;
			sourceTree = "<group>";
		};
		B50C711526A221FF00E71F48 /* Models */ = {
			isa = PBXGroup;
			children = (
				B50C711026A21B5D00E71F48 /* User.swift */,
			);
			path = Models;
			sourceTree = "<group>";
		};
		B50C711626A2225900E71F48 /* Resourses */ = {
			isa = PBXGroup;
			children = (
				B546AA0C269DA10800494821 /* Assets.xcassets */,
			);
			path = Resourses;
			sourceTree = "<group>";
		};
		B50C711726A2227A00E71F48 /* SupportFiles */ = {
			isa = PBXGroup;
			children = (
				B546AA03269DA10700494821 /* AppDelegate.swift */,
				B546AA05269DA10700494821 /* SceneDelegate.swift */,
				B546AA11269DA10800494821 /* Info.plist */,
			);
			path = SupportFiles;
			sourceTree = "<group>";
		};
		B546A9F7269DA10700494821 = {
			isa = PBXGroup;
			children = (
				B546AA02269DA10700494821 /* HomeWorkProject_2.4 */,
				B546AA01269DA10700494821 /* Products */,
			);
			sourceTree = "<group>";
		};
		B546AA01269DA10700494821 /* Products */ = {
			isa = PBXGroup;
			children = (
				B546AA00269DA10700494821 /* HomeWorkProject_2.4.app */,
			);
			name = Products;
			sourceTree = "<group>";
		};
		B546AA02269DA10700494821 /* HomeWorkProject_2.4 */ = {
			isa = PBXGroup;
			children = (
				B50C711526A221FF00E71F48 /* Models */,
				B50C711326A221C400E71F48 /* View Controllers */,
				B50C711426A221E600E71F48 /* Storyboards */,
				B50C711726A2227A00E71F48 /* SupportFiles */,
				B50C711626A2225900E71F48 /* Resourses */,
			);
			path = HomeWorkProject_2.4;
			sourceTree = "<group>";
		};
/* End PBXGroup section */

/* Begin PBXNativeTarget section */
		B546A9FF269DA10700494821 /* HomeWorkProject_2.4 */ = {
			isa = PBXNativeTarget;
			buildConfigurationList = B546AA14269DA10800494821 /* Build configuration list for PBXNativeTarget "HomeWorkProject_2.4" */;
			buildPhases = (
				B546A9FC269DA10700494821 /* Sources */,
				B546A9FD269DA10700494821 /* Frameworks */,
				B546A9FE269DA10700494821 /* Resources */,
			);
			buildRules = (
			);
			dependencies = (
			);
			name = HomeWorkProject_2.4;
			productName = HomeWorkProject_2.3;
			productReference = B546AA00269DA10700494821 /* HomeWorkProject_2.4.app */;
			productType = "com.apple.product-type.application";
		};
/* End PBXNativeTarget section */

/* Begin PBXProject section */
		B546A9F8269DA10700494821 /* Project object */ = {
			isa = PBXProject;
			attributes = {
				LastSwiftUpdateCheck = 1240;
				LastUpgradeCheck = 1240;
				TargetAttributes = {
					B546A9FF269DA10700494821 = {
						CreatedOnToolsVersion = 12.4;
					};
				};
			};
			buildConfigurationList = B546A9FB269DA10700494821 /* Build configuration list for PBXProject "HomeWorkProject_2.4" */;
			compatibilityVersion = "Xcode 9.3";
			developmentRegion = en;
			hasScannedForEncodings = 0;
			knownRegions = (
				en,
				Base,
			);
			mainGroup = B546A9F7269DA10700494821;
			productRefGroup = B546AA01269DA10700494821 /* Products */;
			projectDirPath = "";
			projectRoot = "";
			targets = (
				B546A9FF269DA10700494821 /* HomeWorkProject_2.4 */,
			);
		};
/* End PBXProject section */

/* Begin PBXResourcesBuildPhase section */
		B546A9FE269DA10700494821 /* Resources */ = {
			isa = PBXResourcesBuildPhase;
			buildActionMask = 2147483647;
			files = (
				B546AA10269DA10800494821 /* LaunchScreen.storyboard in Resources */,
				B546AA0D269DA10800494821 /* Assets.xcassets in Resources */,
				B546AA0B269DA10700494821 /* Main.storyboard in Resources */,
			);
			runOnlyForDeploymentPostprocessing = 0;
		};
/* End PBXResourcesBuildPhase section */

/* Begin PBXSourcesBuildPhase section */
		B546A9FC269DA10700494821 /* Sources */ = {
			isa = PBXSourcesBuildPhase;
			buildActionMask = 2147483647;
			files = (
				B546AA1B269DA1B700494821 /* LoginViewController.swift in Sources */,
				B54DEB2426A324B2009F7909 /* BioViewController.swift in Sources */,
				B511120E26A332DB002577CD /* AboutMeViewController.swift in Sources */,
				B546AA20269DCE5A00494821 /* WelcomeViewController.swift in Sources */,
				B546AA04269DA10700494821 /* AppDelegate.swift in Sources */,
				B50C711126A21B5D00E71F48 /* User.swift in Sources */,
				B546AA06269DA10700494821 /* SceneDelegate.swift in Sources */,
			);
			runOnlyForDeploymentPostprocessing = 0;
		};
/* End PBXSourcesBuildPhase section */

/* Begin PBXVariantGroup section */
		B546AA09269DA10700494821 /* Main.storyboard */ = {
			isa = PBXVariantGroup;
			children = (
				B546AA0A269DA10700494821 /* Base */,
			);
			name = Main.storyboard;
			sourceTree = "<group>";
		};
		B546AA0E269DA10800494821 /* LaunchScreen.storyboard */ = {
			isa = PBXVariantGroup;
			children = (
				B546AA0F269DA10800494821 /* Base */,
			);
			name = LaunchScreen.storyboard;
			sourceTree = "<group>";
		};
/* End PBXVariantGroup section */

/* Begin XCBuildConfiguration section */
		B546AA12269DA10800494821 /* Debug */ = {
			isa = XCBuildConfiguration;
			buildSettings = {
				ALWAYS_SEARCH_USER_PATHS = NO;
				CLANG_ANALYZER_NONNULL = YES;
				CLANG_ANALYZER_NUMBER_OBJECT_CONVERSION = YES_AGGRESSIVE;
				CLANG_CXX_LANGUAGE_STANDARD = "gnu++14";
				CLANG_CXX_LIBRARY = "libc++";
				CLANG_ENABLE_MODULES = YES;
				CLANG_ENABLE_OBJC_ARC = YES;
				CLANG_ENABLE_OBJC_WEAK = YES;
				CLANG_WARN_BLOCK_CAPTURE_AUTORELEASING = YES;
				CLANG_WARN_BOOL_CONVERSION = YES;
				CLANG_WARN_COMMA = YES;
				CLANG_WARN_CONSTANT_CONVERSION = YES;
				CLANG_WARN_DEPRECATED_OBJC_IMPLEMENTATIONS = YES;
				CLANG_WARN_DIRECT_OBJC_ISA_USAGE = YES_ERROR;
				CLANG_WARN_DOCUMENTATION_COMMENTS = YES;
				CLANG_WARN_EMPTY_BODY = YES;
				CLANG_WARN_ENUM_CONVERSION = YES;
				CLANG_WARN_INFINITE_RECURSION = YES;
				CLANG_WARN_INT_CONVERSION = YES;
				CLANG_WARN_NON_LITERAL_NULL_CONVERSION = YES;
				CLANG_WARN_OBJC_IMPLICIT_RETAIN_SELF = YES;
				CLANG_WARN_OBJC_LITERAL_CONVERSION = YES;
				CLANG_WARN_OBJC_ROOT_CLASS = YES_ERROR;
				CLANG_WARN_QUOTED_INCLUDE_IN_FRAMEWORK_HEADER = YES;
				CLANG_WARN_RANGE_LOOP_ANALYSIS = YES;
				CLANG_WARN_STRICT_PROTOTYPES = YES;
				CLANG_WARN_SUSPICIOUS_MOVE = YES;
				CLANG_WARN_UNGUARDED_AVAILABILITY = YES_AGGRESSIVE;
				CLANG_WARN_UNREACHABLE_CODE = YES;
				CLANG_WARN__DUPLICATE_METHOD_MATCH = YES;
				COPY_PHASE_STRIP = NO;
				DEBUG_INFORMATION_FORMAT = dwarf;
				ENABLE_STRICT_OBJC_MSGSEND = YES;
				ENABLE_TESTABILITY = YES;
				GCC_C_LANGUAGE_STANDARD = gnu11;
				GCC_DYNAMIC_NO_PIC = NO;
				GCC_NO_COMMON_BLOCKS = YES;
				GCC_OPTIMIZATION_LEVEL = 0;
				GCC_PREPROCESSOR_DEFINITIONS = (
					"DEBUG=1",
					"$(inherited)",
				);
				GCC_WARN_64_TO_32_BIT_CONVERSION = YES;
				GCC_WARN_ABOUT_RETURN_TYPE = YES_ERROR;
				GCC_WARN_UNDECLARED_SELECTOR = YES;
				GCC_WARN_UNINITIALIZED_AUTOS = YES_AGGRESSIVE;
				GCC_WARN_UNUSED_FUNCTION = YES;
				GCC_WARN_UNUSED_VARIABLE = YES;
				IPHONEOS_DEPLOYMENT_TARGET = 14.4;
				MTL_ENABLE_DEBUG_INFO = INCLUDE_SOURCE;
				MTL_FAST_MATH = YES;
				ONLY_ACTIVE_ARCH = YES;
				SDKROOT = iphoneos;
				SWIFT_ACTIVE_COMPILATION_CONDITIONS = DEBUG;
				SWIFT_OPTIMIZATION_LEVEL = "-Onone";
			};
			name = Debug;
		};
		B546AA13269DA10800494821 /* Release */ = {
			isa = XCBuildConfiguration;
			buildSettings = {
				ALWAYS_SEARCH_USER_PATHS = NO;
				CLANG_ANALYZER_NONNULL = YES;
				CLANG_ANALYZER_NUMBER_OBJECT_CONVERSION = YES_AGGRESSIVE;
				CLANG_CXX_LANGUAGE_STANDARD = "gnu++14";
				CLANG_CXX_LIBRARY = "libc++";
				CLANG_ENABLE_MODULES = YES;
				CLANG_ENABLE_OBJC_ARC = YES;
				CLANG_ENABLE_OBJC_WEAK = YES;
				CLANG_WARN_BLOCK_CAPTURE_AUTORELEASING = YES;
				CLANG_WARN_BOOL_CONVERSION = YES;
				CLANG_WARN_COMMA = YES;
				CLANG_WARN_CONSTANT_CONVERSION = YES;
				CLANG_WARN_DEPRECATED_OBJC_IMPLEMENTATIONS = YES;
				CLANG_WARN_DIRECT_OBJC_ISA_USAGE = YES_ERROR;
				CLANG_WARN_DOCUMENTATION_COMMENTS = YES;
				CLANG_WARN_EMPTY_BODY = YES;
				CLANG_WARN_ENUM_CONVERSION = YES;
				CLANG_WARN_INFINITE_RECURSION = YES;
				CLANG_WARN_INT_CONVERSION = YES;
				CLANG_WARN_NON_LITERAL_NULL_CONVERSION = YES;
				CLANG_WARN_OBJC_IMPLICIT_RETAIN_SELF = YES;
				CLANG_WARN_OBJC_LITERAL_CONVERSION = YES;
				CLANG_WARN_OBJC_ROOT_CLASS = YES_ERROR;
				CLANG_WARN_QUOTED_INCLUDE_IN_FRAMEWORK_HEADER = YES;
				CLANG_WARN_RANGE_LOOP_ANALYSIS = YES;
				CLANG_WARN_STRICT_PROTOTYPES = YES;
				CLANG_WARN_SUSPICIOUS_MOVE = YES;
				CLANG_WARN_UNGUARDED_AVAILABILITY = YES_AGGRESSIVE;
				CLANG_WARN_UNREACHABLE_CODE = YES;
				CLANG_WARN__DUPLICATE_METHOD_MATCH = YES;
				COPY_PHASE_STRIP = NO;
				DEBUG_INFORMATION_FORMAT = "dwarf-with-dsym";
				ENABLE_NS_ASSERTIONS = NO;
				ENABLE_STRICT_OBJC_MSGSEND = YES;
				GCC_C_LANGUAGE_STANDARD = gnu11;
				GCC_NO_COMMON_BLOCKS = YES;
				GCC_WARN_64_TO_32_BIT_CONVERSION = YES;
				GCC_WARN_ABOUT_RETURN_TYPE = YES_ERROR;
				GCC_WARN_UNDECLARED_SELECTOR = YES;
				GCC_WARN_UNINITIALIZED_AUTOS = YES_AGGRESSIVE;
				GCC_WARN_UNUSED_FUNCTION = YES;
				GCC_WARN_UNUSED_VARIABLE = YES;
				IPHONEOS_DEPLOYMENT_TARGET = 14.4;
				MTL_ENABLE_DEBUG_INFO = NO;
				MTL_FAST_MATH = YES;
				SDKROOT = iphoneos;
				SWIFT_COMPILATION_MODE = wholemodule;
				SWIFT_OPTIMIZATION_LEVEL = "-O";
				VALIDATE_PRODUCT = YES;
			};
			name = Release;
		};
		B546AA15269DA10800494821 /* Debug */ = {
			isa = XCBuildConfiguration;
			buildSettings = {
				ASSETCATALOG_COMPILER_APPICON_NAME = AppIcon;
				ASSETCATALOG_COMPILER_GLOBAL_ACCENT_COLOR_NAME = AccentColor;
				CODE_SIGN_STYLE = Automatic;
				DEVELOPMENT_TEAM = WV9SZ4237Z;
				INFOPLIST_FILE = HomeWorkProject_2.4/SupportFiles/Info.plist;
				LD_RUNPATH_SEARCH_PATHS = (
					"$(inherited)",
					"@executable_path/Frameworks",
				);
				PRODUCT_BUNDLE_IDENTIFIER = "MaximGoryachkin.HomeWorkProject-2-4";
				PRODUCT_NAME = "$(TARGET_NAME)";
				SWIFT_VERSION = 5.0;
				TARGETED_DEVICE_FAMILY = "1,2";
			};
			name = Debug;
		};
		B546AA16269DA10800494821 /* Release */ = {
			isa = XCBuildConfiguration;
			buildSettings = {
				ASSETCATALOG_COMPILER_APPICON_NAME = AppIcon;
				ASSETCATALOG_COMPILER_GLOBAL_ACCENT_COLOR_NAME = AccentColor;
				CODE_SIGN_STYLE = Automatic;
				DEVELOPMENT_TEAM = WV9SZ4237Z;
				INFOPLIST_FILE = HomeWorkProject_2.4/SupportFiles/Info.plist;
				LD_RUNPATH_SEARCH_PATHS = (
					"$(inherited)",
					"@executable_path/Frameworks",
				);
				PRODUCT_BUNDLE_IDENTIFIER = "MaximGoryachkin.HomeWorkProject-2-4";
				PRODUCT_NAME = "$(TARGET_NAME)";
				SWIFT_VERSION = 5.0;
				TARGETED_DEVICE_FAMILY = "1,2";
			};
			name = Release;
		};
/* End XCBuildConfiguration section */

/* Begin XCConfigurationList section */
		B546A9FB269DA10700494821 /* Build configuration list for PBXProject "HomeWorkProject_2.4" */ = {
			isa = XCConfigurationList;
			buildConfigurations = (
				B546AA12269DA10800494821 /* Debug */,
				B546AA13269DA10800494821 /* Release */,
			);
			defaultConfigurationIsVisible = 0;
			defaultConfigurationName = Release;
		};
		B546AA14269DA10800494821 /* Build configuration list for PBXNativeTarget "HomeWorkProject_2.4" */ = {
			isa = XCConfigurationList;
			buildConfigurations = (
				B546AA15269DA10800494821 /* Debug */,
				B546AA16269DA10800494821 /* Release */,
			);
			defaultConfigurationIsVisible = 0;
			defaultConfigurationName = Release;
		};
/* End XCConfigurationList section */
	};
	rootObject = B546A9F8269DA10700494821 /* Project object */;
}
